
Microsoft Visual Studio Solution File, Format Version 12.00
# Visual Studio Version 16
VisualStudioVersion = 16.0.30011.22
MinimumVisualStudioVersion = 10.0.40219.1
Project("{FAE04EC0-301F-11D3-BF4B-00C04F79EFBC}") = "DOS2_Handbook", "DOS2_Handbook.csproj", "{E02B5A1B-375C-4C8C-B93A-8125484E61E7}"
EndProject
Global
	GlobalSection(SolutionConfigurationPlatforms) = preSolution
		Debug|Any CPU = Debug|Any CPU
		Release|Any CPU = Release|Any CPU
	EndGlobalSection
	GlobalSection(ProjectConfigurationPlatforms) = postSolution
		{E02B5A1B-375C-4C8C-B93A-8125484E61E7}.Debug|Any CPU.ActiveCfg = Debug|Any CPU
		{E02B5A1B-375C-4C8C-B93A-8125484E61E7}.Debug|Any CPU.Build.0 = Debug|Any CPU
		{E02B5A1B-375C-4C8C-B93A-8125484E61E7}.Release|Any CPU.ActiveCfg = Release|Any CPU
		{E02B5A1B-375C-4C8C-B93A-8125484E61E7}.Release|Any CPU.Build.0 = Release|Any CPU
	EndGlobalSection
	GlobalSection(SolutionProperties) = preSolution
		HideSolutionNode = FALSE
	EndGlobalSection
	GlobalSection(ExtensibilityGlobals) = postSolution
		SolutionGuid = {6675D304-B1D1-4ADD-9A27-5F42FCDDA365}
	EndGlobalSection
EndGlobal
